
Microsoft Visual Studio Solution File, Format Version 12.00
# Visual Studio 15
VisualStudioVersion = 15.0.27428.2015
MinimumVisualStudioVersion = 10.0.40219.1
Project("{FAE04EC0-301F-11D3-BF4B-00C04F79EFBC}") = "WPF Tutorial", "WPF Tutorial\WPF Tutorial.csproj", "{A8D26CB7-A070-404A-833F-24FCA81B1B75}"
EndProject
Project("{FAE04EC0-301F-11D3-BF4B-00C04F79EFBC}") = "Troll", "Troll\Troll.csproj", "{7927438D-1655-4096-93D2-170AAEBB2B19}"
EndProject
Project("{FAE04EC0-301F-11D3-BF4B-00C04F79EFBC}") = "Kwadrat", "Kwadrat\Kwadrat.csproj", "{24351E80-6670-4FC6-84D7-81B9037E63CE}"
EndProject
Global
	GlobalSection(SolutionConfigurationPlatforms) = preSolution
		Debug|Any CPU = Debug|Any CPU
		Release|Any CPU = Release|Any CPU
	EndGlobalSection
	GlobalSection(ProjectConfigurationPlatforms) = postSolution
		{A8D26CB7-A070-404A-833F-24FCA81B1B75}.Debug|Any CPU.ActiveCfg = Debug|Any CPU
		{A8D26CB7-A070-404A-833F-24FCA81B1B75}.Debug|Any CPU.Build.0 = Debug|Any CPU
		{A8D26CB7-A070-404A-833F-24FCA81B1B75}.Release|Any CPU.ActiveCfg = Release|Any CPU
		{A8D26CB7-A070-404A-833F-24FCA81B1B75}.Release|Any CPU.Build.0 = Release|Any CPU
		{7927438D-1655-4096-93D2-170AAEBB2B19}.Debug|Any CPU.ActiveCfg = Debug|Any CPU
		{7927438D-1655-4096-93D2-170AAEBB2B19}.Debug|Any CPU.Build.0 = Debug|Any CPU
		{7927438D-1655-4096-93D2-170AAEBB2B19}.Release|Any CPU.ActiveCfg = Release|Any CPU
		{7927438D-1655-4096-93D2-170AAEBB2B19}.Release|Any CPU.Build.0 = Release|Any CPU
		{24351E80-6670-4FC6-84D7-81B9037E63CE}.Debug|Any CPU.ActiveCfg = Debug|Any CPU
		{24351E80-6670-4FC6-84D7-81B9037E63CE}.Debug|Any CPU.Build.0 = Debug|Any CPU
		{24351E80-6670-4FC6-84D7-81B9037E63CE}.Release|Any CPU.ActiveCfg = Release|Any CPU
		{24351E80-6670-4FC6-84D7-81B9037E63CE}.Release|Any CPU.Build.0 = Release|Any CPU
	EndGlobalSection
	GlobalSection(SolutionProperties) = preSolution
		HideSolutionNode = FALSE
	EndGlobalSection
	GlobalSection(ExtensibilityGlobals) = postSolution
		SolutionGuid = {3CE2A9FF-F32A-4DF0-AB09-31516314FFCC}
	EndGlobalSection
EndGlobal
